<?xml version="1.0" encoding="UTF-8" standalone="yes" ?>
<CodeBlocks_project_file>
	<FileVersion major="1" minor="6" />
	<Project>
		<Option title="Adept" />
		<Option pch_mode="2" />
		<Option compiler="gcc" />
		<Build>
			<Target title="Debug 32-bit">
				<Option output="bin/Debug/adept" prefix_auto="1" extension_auto="1" />
				<Option object_output="obj/Debug/" />
				<Option type="1" />
				<Option compiler="gcc" />
				<Option parameters="C:/Users/isaac/Desktop/adept/demo.adept" />
				<Compiler>
					<Add option="-std=c++11" />
					<Add option="-pg" />
					<Add option="-g" />
					<Add option="-DADEPT_DEBUG_32" />
				</Compiler>
				<Linker>
					<Add option="-pg -lgmon" />
					<Add library="C:\Program Files (x86)\CodeBlocks\MinGW\lib\boost\libboost_filesystem-mgw47-mt-d-1_60.a" />
					<Add library="C:\Program Files (x86)\CodeBlocks\MinGW\lib\boost\libboost_system-mgw47-mt-d-1_60.a" />
				</Linker>
			</Target>
			<Target title="Release 32-bit">
				<Option output="bin/Release/adept" prefix_auto="1" extension_auto="1" />
				<Option object_output="obj/Release/" />
				<Option type="1" />
				<Option compiler="gcc" />
				<Option parameters="C:/Users/isaac/Desktop/adept/hello.adept" />
				<Compiler>
					<Add option="-O3" />
					<Add option="-std=c++11" />
					<Add option="-DADEPT_RELEASE_32" />
				</Compiler>
				<Linker>
					<Add option="-s" />
					<Add library="C:\Program Files (x86)\CodeBlocks\MinGW\lib\boost\libboost_filesystem-mgw47-mt-1_60.a" />
					<Add library="C:\Program Files (x86)\CodeBlocks\MinGW\lib\boost\libboost_system-mgw47-mt-1_60.a" />
				</Linker>
			</Target>
			<Target title="Debug 64-bit">
				<Option output="bin/Debug/adept" prefix_auto="1" extension_auto="1" />
				<Option working_dir="C:/Users/isaac/Desktop/adept/terminal" />
				<Option object_output="obj/Debug/" />
				<Option type="1" />
				<Option compiler="gnu_gcc_compiler_x86-64" />
				<Option parameters="build.adept" />
				<Compiler>
					<Add option="-std=c++11" />
					<Add option="-pg" />
					<Add option="-g" />
					<Add option="-DADEPT_DEBUG_64" />
				</Compiler>
				<Linker>
					<Add option="-pg -lgmon" />
					<Add library="C:\Users\isaac\OpenSource\boost_1_60_0_mingw64_x86\boost_1_60_0\stage\lib\libboost_filesystem-mgw53-mt-d-1_60.a" />
					<Add library="C:\Users\isaac\OpenSource\boost_1_60_0_mingw64_x86\boost_1_60_0\stage\lib\libboost_system-mgw53-mt-d-1_60.a" />
				</Linker>
			</Target>
			<Target title="Release 64-bit">
				<Option output="bin/Release/adept" prefix_auto="1" extension_auto="1" />
				<Option object_output="obj/Release/" />
				<Option type="1" />
				<Option compiler="gnu_gcc_compiler_x86-64" />
				<Option parameters="C:/Users/isaac/Desktop/adept/common/main/main.adept" />
				<Compiler>
					<Add option="-O3" />
					<Add option="-std=c++11" />
					<Add option="-Wextra" />
					<Add option="-DADEPT_RELEASE_64" />
				</Compiler>
				<Linker>
					<Add option="-s" />
					<Add library="C:\Users\isaac\OpenSource\boost_1_60_0_mingw64_x86\boost_1_60_0\stage\lib\libboost_filesystem-mgw53-mt-1_60.a" />
					<Add library="C:\Users\isaac\OpenSource\boost_1_60_0_mingw64_x86\boost_1_60_0\stage\lib\libboost_system-mgw53-mt-1_60.a" />
				</Linker>
			</Target>
		</Build>
		<Compiler>
			<Add option="-Os" />
			<Add option="-std=c++11" />
			<Add option="-w" />
			<Add option="-Wall -W -Wno-unused-parameter -Wwrite-strings -Wcast-qual -Wno-missing-field-initializers -pedantic -Wno-long-long -Wno-maybe-uninitialized -Wdelete-non-virtual-dtor -Wno-comment -fno-rtti -D__STDC_CONSTANT_MACROS -D__STDC_FORMAT_MACROS -D__STDC_LIMIT_MACROS" />
			<Add option="-fpermissive" />
			<Add option="-DNDEBUG" />
			<Add directory="C:/LLVM/include" />
			<Add directory="C:/Users/isaac/OpenSource/boost_1_60_0_mingw64_x86/boost_1_60_0" />
		</Compiler>
		<Linker>
			<Add option="-LC:\LLVM/lib" />
			<Add option="-lLLVMLibDriver -lLLVMOption -lLLVMLineEditor -lLLVMPasses -lLLVMOrcJIT -lLLVMCoverage -lLLVMTableGen -lLLVMMCJIT -lLLVMXCoreDisassembler -lLLVMXCoreCodeGen -lLLVMXCoreDesc -lLLVMXCoreInfo -lLLVMXCoreAsmPrinter -lLLVMX86Disassembler -lLLVMX86AsmParser -lLLVMX86CodeGen -lLLVMX86Desc -lLLVMX86Info -lLLVMX86AsmPrinter -lLLVMX86Utils -lLLVMSystemZDisassembler -lLLVMSystemZCodeGen -lLLVMSystemZAsmParser -lLLVMSystemZDesc -lLLVMSystemZInfo -lLLVMSystemZAsmPrinter -lLLVMSparcDisassembler -lLLVMSparcCodeGen -lLLVMSparcAsmParser -lLLVMSparcDesc -lLLVMSparcInfo -lLLVMSparcAsmPrinter -lLLVMPowerPCDisassembler -lLLVMPowerPCCodeGen -lLLVMPowerPCAsmParser -lLLVMPowerPCDesc -lLLVMPowerPCInfo -lLLVMPowerPCAsmPrinter -lLLVMNVPTXCodeGen -lLLVMNVPTXDesc -lLLVMNVPTXInfo -lLLVMNVPTXAsmPrinter -lLLVMMSP430CodeGen -lLLVMMSP430Desc -lLLVMMSP430Info -lLLVMMSP430AsmPrinter -lLLVMMipsDisassembler -lLLVMMipsCodeGen -lLLVMMipsAsmParser -lLLVMMipsDesc -lLLVMMipsInfo -lLLVMMipsAsmPrinter -lLLVMHexagonDisassembler -lLLVMHexagonCodeGen -lLLVMHexagonAsmParser -lLLVMHexagonDesc -lLLVMHexagonInfo -lLLVMBPFCodeGen -lLLVMBPFDesc -lLLVMBPFInfo -lLLVMBPFAsmPrinter -lLLVMARMDisassembler -lLLVMARMCodeGen -lLLVMARMAsmParser -lLLVMARMDesc -lLLVMARMInfo -lLLVMARMAsmPrinter -lLLVMAMDGPUDisassembler -lLLVMAMDGPUCodeGen -lLLVMAMDGPUAsmParser -lLLVMAMDGPUDesc -lLLVMAMDGPUInfo -lLLVMAMDGPUAsmPrinter -lLLVMAMDGPUUtils -lLLVMAArch64Disassembler -lLLVMMCDisassembler -lLLVMAArch64CodeGen -lLLVMGlobalISel -lLLVMSelectionDAG -lLLVMAsmPrinter -lLLVMAArch64AsmParser -lLLVMAArch64Desc -lLLVMAArch64Info -lLLVMAArch64AsmPrinter -lLLVMAArch64Utils -lLLVMLTO -lLLVMObjCARCOpts -lLLVMipo -lLLVMVectorize -lLLVMLinker -lLLVMIRReader -lLLVMInterpreter -lLLVMExecutionEngine -lLLVMRuntimeDyld -lLLVMMIRParser -lLLVMCodeGen -lLLVMTarget -lLLVMScalarOpts -lLLVMInstCombine -lLLVMInstrumentation -lLLVMTransformUtils -lLLVMBitWriter -lLLVMAnalysis -lLLVMProfileData -lLLVMAsmParser -lLLVMSymbolize -lLLVMDebugInfoPDB -lLLVMDebugInfoCodeView -lLLVMDebugInfoDWARF -lLLVMObject -lLLVMMCParser -lLLVMMC -lLLVMBitReader -lLLVMCore -lLLVMObjectYAML -lLLVMSupport" />
			<Add option="-lpsapi -lshell32 -lole32 -luuid" />
		</Linker>
		<Unit filename="include/adept.h" />
		<Unit filename="include/asmdata.h" />
		<Unit filename="include/asmtypes.h" />
		<Unit filename="include/assemble.h" />
		<Unit filename="include/attribute.h" />
		<Unit filename="include/build.h" />
		<Unit filename="include/cache.h" />
		<Unit filename="include/clock.h" />
		<Unit filename="include/config.h" />
		<Unit filename="include/die.h" />
		<Unit filename="include/enforce.h" />
		<Unit filename="include/errors.h" />
		<Unit filename="include/expression.h" />
		<Unit filename="include/finalize.h" />
		<Unit filename="include/info.h" />
		<Unit filename="include/jit.h" />
		<Unit filename="include/lexer.h" />
		<Unit filename="include/mangling.h" />
		<Unit filename="include/native.h" />
		<Unit filename="include/parse.h" />
		<Unit filename="include/program.h" />
		<Unit filename="include/search.h" />
		<Unit filename="include/statement.h" />
		<Unit filename="include/strings.h" />
		<Unit filename="include/threads.h" />
		<Unit filename="include/tokens.h" />
		<Unit filename="include/type.h" />
		<Unit filename="src/adept.cpp" />
		<Unit filename="src/asmdata.cpp" />
		<Unit filename="src/asmtypes.cpp" />
		<Unit filename="src/assemble.cpp" />
		<Unit filename="src/attribute.cpp" />
		<Unit filename="src/build.cpp" />
		<Unit filename="src/cache.cpp" />
		<Unit filename="src/clock.cpp" />
		<Unit filename="src/config.cpp" />
		<Unit filename="src/die.cpp" />
		<Unit filename="src/errors.cpp" />
		<Unit filename="src/expression.cpp" />
		<Unit filename="src/finalize.cpp" />
		<Unit filename="src/jit.cpp" />
		<Unit filename="src/lexer.cpp" />
		<Unit filename="src/main.cpp" />
		<Unit filename="src/mangling.cpp" />
		<Unit filename="src/native.cpp" />
		<Unit filename="src/parse.cpp" />
		<Unit filename="src/program.cpp" />
		<Unit filename="src/search.cpp" />
		<Unit filename="src/statement.cpp" />
		<Unit filename="src/strings.cpp" />
		<Unit filename="src/threads.cpp" />
		<Unit filename="src/tokens.cpp" />
		<Unit filename="src/type.cpp" />
		<Extensions>
			<code_completion />
			<debugger />
		</Extensions>
	</Project>
</CodeBlocks_project_file>
